
Microsoft Visual Studio Solution File, Format Version 12.00
# Visual Studio 15
VisualStudioVersion = 15.0.27130.2010
MinimumVisualStudioVersion = 10.0.40219.1
Project("{FAE04EC0-301F-11D3-BF4B-00C04F79EFBC}") = "Secretary", "Secretary\Secretary.csproj", "{D7FA552B-55AF-46F2-BF50-87A02D96E999}"
EndProject
Global
	GlobalSection(SolutionConfigurationPlatforms) = preSolution
		Debug|Any CPU = Debug|Any CPU
		Release|Any CPU = Release|Any CPU
	EndGlobalSection
	GlobalSection(ProjectConfigurationPlatforms) = postSolution
		{D7FA552B-55AF-46F2-BF50-87A02D96E999}.Debug|Any CPU.ActiveCfg = Debug|Any CPU
		{D7FA552B-55AF-46F2-BF50-87A02D96E999}.Debug|Any CPU.Build.0 = Debug|Any CPU
		{D7FA552B-55AF-46F2-BF50-87A02D96E999}.Release|Any CPU.ActiveCfg = Release|Any CPU
		{D7FA552B-55AF-46F2-BF50-87A02D96E999}.Release|Any CPU.Build.0 = Release|Any CPU
	EndGlobalSection
	GlobalSection(SolutionProperties) = preSolution
		HideSolutionNode = FALSE
	EndGlobalSection
	GlobalSection(ExtensibilityGlobals) = postSolution
		SolutionGuid = {A9F0F38E-6D98-41F0-9256-127E40680DBA}
	EndGlobalSection
EndGlobal
